
Microsoft Visual Studio Solution File, Format Version 12.00
# Visual Studio Version 17
VisualStudioVersion = 17.8.34330.188
MinimumVisualStudioVersion = 10.0.40219.1
Project("{FAE04EC0-301F-11D3-BF4B-00C04F79EFBC}") = "InventoryWebhookAPI", "InventoryWebhookAPI.csproj", "{EFBD4360-34E0-48E9-96FC-6CD4E44FCAE0}"
EndProject
Global
	GlobalSection(SolutionConfigurationPlatforms) = preSolution
		Debug|Any CPU = Debug|Any CPU
		Release|Any CPU = Release|Any CPU
	EndGlobalSection
	GlobalSection(ProjectConfigurationPlatforms) = postSolution
		{EFBD4360-34E0-48E9-96FC-6CD4E44FCAE0}.Debug|Any CPU.ActiveCfg = Debug|Any CPU
		{EFBD4360-34E0-48E9-96FC-6CD4E44FCAE0}.Debug|Any CPU.Build.0 = Debug|Any CPU
		{EFBD4360-34E0-48E9-96FC-6CD4E44FCAE0}.Release|Any CPU.ActiveCfg = Release|Any CPU
		{EFBD4360-34E0-48E9-96FC-6CD4E44FCAE0}.Release|Any CPU.Build.0 = Release|Any CPU
	EndGlobalSection
	GlobalSection(SolutionProperties) = preSolution
		HideSolutionNode = FALSE
	EndGlobalSection
	GlobalSection(ExtensibilityGlobals) = postSolution
		SolutionGuid = {095DF906-0EE2-4253-BDAF-BC7B1B33849C}
	EndGlobalSection
EndGlobal
